
Microsoft Visual Studio Solution File, Format Version 12.00
# Visual Studio Version 17
VisualStudioVersion = 17.5.002.0
MinimumVisualStudioVersion = 10.0.40219.1
Project("{9A19103F-16F7-4668-BE54-9A1E7A4F7556}") = "CsvSerializer", "CsvSerializer.csproj", "{6433AFF9-AA9D-4C23-8667-2F92D91000DF}"
EndProject
Global
	GlobalSection(SolutionConfigurationPlatforms) = preSolution
		Debug|Any CPU = Debug|Any CPU
		Release|Any CPU = Release|Any CPU
	EndGlobalSection
	GlobalSection(ProjectConfigurationPlatforms) = postSolution
		{6433AFF9-AA9D-4C23-8667-2F92D91000DF}.Debug|Any CPU.ActiveCfg = Debug|Any CPU
		{6433AFF9-AA9D-4C23-8667-2F92D91000DF}.Debug|Any CPU.Build.0 = Debug|Any CPU
		{6433AFF9-AA9D-4C23-8667-2F92D91000DF}.Release|Any CPU.ActiveCfg = Release|Any CPU
		{6433AFF9-AA9D-4C23-8667-2F92D91000DF}.Release|Any CPU.Build.0 = Release|Any CPU
	EndGlobalSection
	GlobalSection(SolutionProperties) = preSolution
		HideSolutionNode = FALSE
	EndGlobalSection
	GlobalSection(ExtensibilityGlobals) = postSolution
		SolutionGuid = {DD760C07-4364-411B-A60C-06CEEF14CE20}
	EndGlobalSection
EndGlobal
